// !$*UTF8*$!
{
	archiveVersion = 1;
	classes = {
	};
	objectVersion = 46;
	objects = {

/* Begin PBXBuildFile section */
		28E126E11DC9224B00453E61 /* main.m in Sources */ = {isa = PBXBuildFile; fileRef = 28E126E01DC9224B00453E61 /* main.m */; };
		28E126E41DC9224B00453E61 /* AppDelegate.m in Sources */ = {isa = PBXBuildFile; fileRef = 28E126E31DC9224B00453E61 /* AppDelegate.m */; };
		28E126EA1DC9224B00453E61 /* Main.storyboard in Resources */ = {isa = PBXBuildFile; fileRef = 28E126E81DC9224B00453E61 /* Main.storyboard */; };
		28E126EC1DC9224B00453E61 /* Assets.xcassets in Resources */ = {isa = PBXBuildFile; fileRef = 28E126EB1DC9224B00453E61 /* Assets.xcassets */; };
		28E126EF1DC9224B00453E61 /* LaunchScreen.storyboard in Resources */ = {isa = PBXBuildFile; fileRef = 28E126ED1DC9224B00453E61 /* LaunchScreen.storyboard */; };
		28E126F81DC926C200453E61 /* DMNLibrary.m in Sources */ = {isa = PBXBuildFile; fileRef = 28E126F71DC926C200453E61 /* DMNLibrary.m */; };
		28E126FF1DC92DA300453E61 /* DMNLibrariesNetworkController.m in Sources */ = {isa = PBXBuildFile; fileRef = 28E126FE1DC92DA300453E61 /* DMNLibrariesNetworkController.m */; };
/* End PBXBuildFile section */

/* Begin PBXFileReference section */
		28E126DC1DC9224B00453E61 /* Libraries.app */ = {isa = PBXFileReference; explicitFileType = wrapper.application; includeInIndex = 0; path = Libraries.app; sourceTree = BUILT_PRODUCTS_DIR; };
		28E126E01DC9224B00453E61 /* main.m */ = {isa = PBXFileReference; lastKnownFileType = sourcecode.c.objc; path = main.m; sourceTree = "<group>"; };
		28E126E21DC9224B00453E61 /* AppDelegate.h */ = {isa = PBXFileReference; lastKnownFileType = sourcecode.c.h; path = AppDelegate.h; sourceTree = "<group>"; };
		28E126E31DC9224B00453E61 /* AppDelegate.m */ = {isa = PBXFileReference; lastKnownFileType = sourcecode.c.objc; path = AppDelegate.m; sourceTree = "<group>"; };
		28E126E91DC9224B00453E61 /* Base */ = {isa = PBXFileReference; lastKnownFileType = file.storyboard; name = Base; path = Base.lproj/Main.storyboard; sourceTree = "<group>"; };
		28E126EB1DC9224B00453E61 /* Assets.xcassets */ = {isa = PBXFileReference; lastKnownFileType = folder.assetcatalog; path = Assets.xcassets; sourceTree = "<group>"; };
		28E126EE1DC9224B00453E61 /* Base */ = {isa = PBXFileReference; lastKnownFileType = file.storyboard; name = Base; path = Base.lproj/LaunchScreen.storyboard; sourceTree = "<group>"; };
		28E126F01DC9224B00453E61 /* Info.plist */ = {isa = PBXFileReference; lastKnownFileType = text.plist.xml; path = Info.plist; sourceTree = "<group>"; };
		28E126F61DC926C200453E61 /* DMNLibrary.h */ = {isa = PBXFileReference; fileEncoding = 4; lastKnownFileType = sourcecode.c.h; path = DMNLibrary.h; sourceTree = "<group>"; };
		28E126F71DC926C200453E61 /* DMNLibrary.m */ = {isa = PBXFileReference; fileEncoding = 4; lastKnownFileType = sourcecode.c.objc; path = DMNLibrary.m; sourceTree = "<group>"; };
		28E126FD1DC92DA300453E61 /* DMNLibrariesNetworkController.h */ = {isa = PBXFileReference; fileEncoding = 4; lastKnownFileType = sourcecode.c.h; path = DMNLibrariesNetworkController.h; sourceTree = "<group>"; };
		28E126FE1DC92DA300453E61 /* DMNLibrariesNetworkController.m */ = {isa = PBXFileReference; fileEncoding = 4; lastKnownFileType = sourcecode.c.objc; path = DMNLibrariesNetworkController.m; sourceTree = "<group>"; };
/* End PBXFileReference section */

/* Begin PBXFrameworksBuildPhase section */
		28E126D91DC9224B00453E61 /* Frameworks */ = {
			isa = PBXFrameworksBuildPhase;
			buildActionMask = 2147483647;
			files = (
			);
			runOnlyForDeploymentPostprocessing = 0;
		};
/* End PBXFrameworksBuildPhase section */

/* Begin PBXGroup section */
		28E126D31DC9224B00453E61 = {
			isa = PBXGroup;
			children = (
				28E126DE1DC9224B00453E61 /* Libraries */,
				28E126DD1DC9224B00453E61 /* Products */,
			);
			sourceTree = "<group>";
		};
		28E126DD1DC9224B00453E61 /* Products */ = {
			isa = PBXGroup;
			children = (
				28E126DC1DC9224B00453E61 /* Libraries.app */,
			);
			name = Products;
			sourceTree = "<group>";
		};
		28E126DE1DC9224B00453E61 /* Libraries */ = {
			isa = PBXGroup;
			children = (
				28E126E21DC9224B00453E61 /* AppDelegate.h */,
				28E126E31DC9224B00453E61 /* AppDelegate.m */,
				28E126E81DC9224B00453E61 /* Main.storyboard */,
				28E126F91DC926C600453E61 /* Models */,
				28E126EB1DC9224B00453E61 /* Assets.xcassets */,
				28E126ED1DC9224B00453E61 /* LaunchScreen.storyboard */,
				28E126F01DC9224B00453E61 /* Info.plist */,
				28E126DF1DC9224B00453E61 /* Supporting Files */,
			);
			path = Libraries;
			sourceTree = "<group>";
		};
		28E126DF1DC9224B00453E61 /* Supporting Files */ = {
			isa = PBXGroup;
			children = (
				28E126E01DC9224B00453E61 /* main.m */,
			);
			name = "Supporting Files";
			sourceTree = "<group>";
		};
		28E126F91DC926C600453E61 /* Models */ = {
			isa = PBXGroup;
			children = (
				28E126F61DC926C200453E61 /* DMNLibrary.h */,
				28E126F71DC926C200453E61 /* DMNLibrary.m */,
				28E126FD1DC92DA300453E61 /* DMNLibrariesNetworkController.h */,
				28E126FE1DC92DA300453E61 /* DMNLibrariesNetworkController.m */,
			);
			name = Models;
			sourceTree = "<group>";
		};
/* End PBXGroup section */

/* Begin PBXNativeTarget section */
		28E126DB1DC9224B00453E61 /* Libraries */ = {
			isa = PBXNativeTarget;
			buildConfigurationList = 28E126F31DC9224B00453E61 /* Build configuration list for PBXNativeTarget "Libraries" */;
			buildPhases = (
				28E126D81DC9224B00453E61 /* Sources */,
				28E126D91DC9224B00453E61 /* Frameworks */,
				28E126DA1DC9224B00453E61 /* Resources */,
			);
			buildRules = (
			);
			dependencies = (
			);
			name = Libraries;
			productName = Libraries;
			productReference = 28E126DC1DC9224B00453E61 /* Libraries.app */;
			productType = "com.apple.product-type.application";
		};
/* End PBXNativeTarget section */

/* Begin PBXProject section */
		28E126D41DC9224B00453E61 /* Project object */ = {
			isa = PBXProject;
			attributes = {
				LastUpgradeCheck = 0810;
				ORGANIZATIONNAME = "Uldis Zingis";
				TargetAttributes = {
					28E126DB1DC9224B00453E61 = {
						CreatedOnToolsVersion = 8.1;
						DevelopmentTeam = KNA8S759M5;
						ProvisioningStyle = Automatic;
					};
				};
			};
			buildConfigurationList = 28E126D71DC9224B00453E61 /* Build configuration list for PBXProject "Libraries" */;
			compatibilityVersion = "Xcode 3.2";
			developmentRegion = English;
			hasScannedForEncodings = 0;
			knownRegions = (
				en,
				Base,
			);
			mainGroup = 28E126D31DC9224B00453E61;
			productRefGroup = 28E126DD1DC9224B00453E61 /* Products */;
			projectDirPath = "";
			projectRoot = "";
			targets = (
				28E126DB1DC9224B00453E61 /* Libraries */,
			);
		};
/* End PBXProject section */

/* Begin PBXResourcesBuildPhase section */
		28E126DA1DC9224B00453E61 /* Resources */ = {
			isa = PBXResourcesBuildPhase;
			buildActionMask = 2147483647;
			files = (
				28E126EF1DC9224B00453E61 /* LaunchScreen.storyboard in Resources */,
				28E126EC1DC9224B00453E61 /* Assets.xcassets in Resources */,
				28E126EA1DC9224B00453E61 /* Main.storyboard in Resources */,
			);
			runOnlyForDeploymentPostprocessing = 0;
		};
/* End PBXResourcesBuildPhase section */

/* Begin PBXSourcesBuildPhase section */
		28E126D81DC9224B00453E61 /* Sources */ = {
			isa = PBXSourcesBuildPhase;
			buildActionMask = 2147483647;
			files = (
				28E126FF1DC92DA300453E61 /* DMNLibrariesNetworkController.m in Sources */,
				28E126F81DC926C200453E61 /* DMNLibrary.m in Sources */,
				28E126E41DC9224B00453E61 /* AppDelegate.m in Sources */,
				28E126E11DC9224B00453E61 /* main.m in Sources */,
			);
			runOnlyForDeploymentPostprocessing = 0;
		};
/* End PBXSourcesBuildPhase section */

/* Begin PBXVariantGroup section */
		28E126E81DC9224B00453E61 /* Main.storyboard */ = {
			isa = PBXVariantGroup;
			children = (
				28E126E91DC9224B00453E61 /* Base */,
			);
			name = Main.storyboard;
			sourceTree = "<group>";
		};
		28E126ED1DC9224B00453E61 /* LaunchScreen.storyboard */ = {
			isa = PBXVariantGroup;
			children = (
				28E126EE1DC9224B00453E61 /* Base */,
			);
			name = LaunchScreen.storyboard;
			sourceTree = "<group>";
		};
/* End PBXVariantGroup section */

/* Begin XCBuildConfiguration section */
		28E126F11DC9224B00453E61 /* Debug */ = {
			isa = XCBuildConfiguration;
			buildSettings = {
				ALWAYS_SEARCH_USER_PATHS = NO;
				CLANG_ANALYZER_NONNULL = YES;
				CLANG_CXX_LANGUAGE_STANDARD = "gnu++0x";
				CLANG_CXX_LIBRARY = "libc++";
				CLANG_ENABLE_MODULES = YES;
				CLANG_ENABLE_OBJC_ARC = YES;
				CLANG_WARN_BOOL_CONVERSION = YES;
				CLANG_WARN_CONSTANT_CONVERSION = YES;
				CLANG_WARN_DIRECT_OBJC_ISA_USAGE = YES_ERROR;
				CLANG_WARN_DOCUMENTATION_COMMENTS = YES;
				CLANG_WARN_EMPTY_BODY = YES;
				CLANG_WARN_ENUM_CONVERSION = YES;
				CLANG_WARN_INFINITE_RECURSION = YES;
				CLANG_WARN_INT_CONVERSION = YES;
				CLANG_WARN_OBJC_ROOT_CLASS = YES_ERROR;
				CLANG_WARN_SUSPICIOUS_MOVES = YES;
				CLANG_WARN_UNREACHABLE_CODE = YES;
				CLANG_WARN__DUPLICATE_METHOD_MATCH = YES;
				"CODE_SIGN_IDENTITY[sdk=iphoneos*]" = "iPhone Developer";
				COPY_PHASE_STRIP = NO;
				DEBUG_INFORMATION_FORMAT = dwarf;
				ENABLE_STRICT_OBJC_MSGSEND = YES;
				ENABLE_TESTABILITY = YES;
				GCC_C_LANGUAGE_STANDARD = gnu99;
				GCC_DYNAMIC_NO_PIC = NO;
				GCC_NO_COMMON_BLOCKS = YES;
				GCC_OPTIMIZATION_LEVEL = 0;
				GCC_PREPROCESSOR_DEFINITIONS = (
					"DEBUG=1",
					"$(inherited)",
				);
				GCC_WARN_64_TO_32_BIT_CONVERSION = YES;
				GCC_WARN_ABOUT_RETURN_TYPE = YES_ERROR;
				GCC_WARN_UNDECLARED_SELECTOR = YES;
				GCC_WARN_UNINITIALIZED_AUTOS = YES_AGGRESSIVE;
				GCC_WARN_UNUSED_FUNCTION = YES;
				GCC_WARN_UNUSED_VARIABLE = YES;
				IPHONEOS_DEPLOYMENT_TARGET = 10.1;
				MTL_ENABLE_DEBUG_INFO = YES;
				ONLY_ACTIVE_ARCH = YES;
				SDKROOT = iphoneos;
				TARGETED_DEVICE_FAMILY = "1,2";
			};
			name = Debug;
		};
		28E126F21DC9224B00453E61 /* Release */ = {
			isa = XCBuildConfiguration;
			buildSettings = {
				ALWAYS_SEARCH_USER_PATHS = NO;
				CLANG_ANALYZER_NONNULL = YES;
				CLANG_CXX_LANGUAGE_STANDARD = "gnu++0x";
				CLANG_CXX_LIBRARY = "libc++";
				CLANG_ENABLE_MODULES = YES;
				CLANG_ENABLE_OBJC_ARC = YES;
				CLANG_WARN_BOOL_CONVERSION = YES;
				CLANG_WARN_CONSTANT_CONVERSION = YES;
				CLANG_WARN_DIRECT_OBJC_ISA_USAGE = YES_ERROR;
				CLANG_WARN_DOCUMENTATION_COMMENTS = YES;
				CLANG_WARN_EMPTY_BODY = YES;
				CLANG_WARN_ENUM_CONVERSION = YES;
				CLANG_WARN_INFINITE_RECURSION = YES;
				CLANG_WARN_INT_CONVERSION = YES;
				CLANG_WARN_OBJC_ROOT_CLASS = YES_ERROR;
				CLANG_WARN_SUSPICIOUS_MOVES = YES;
				CLANG_WARN_UNREACHABLE_CODE = YES;
				CLANG_WARN__DUPLICATE_METHOD_MATCH = YES;
				"CODE_SIGN_IDENTITY[sdk=iphoneos*]" = "iPhone Developer";
				COPY_PHASE_STRIP = NO;
				DEBUG_INFORMATION_FORMAT = "dwarf-with-dsym";
				ENABLE_NS_ASSERTIONS = NO;
				ENABLE_STRICT_OBJC_MSGSEND = YES;
				GCC_C_LANGUAGE_STANDARD = gnu99;
				GCC_NO_COMMON_BLOCKS = YES;
				GCC_WARN_64_TO_32_BIT_CONVERSION = YES;
				GCC_WARN_ABOUT_RETURN_TYPE = YES_ERROR;
				GCC_WARN_UNDECLARED_SELECTOR = YES;
				GCC_WARN_UNINITIALIZED_AUTOS = YES_AGGRESSIVE;
				GCC_WARN_UNUSED_FUNCTION = YES;
				GCC_WARN_UNUSED_VARIABLE = YES;
				IPHONEOS_DEPLOYMENT_TARGET = 10.1;
				MTL_ENABLE_DEBUG_INFO = NO;
				SDKROOT = iphoneos;
				TARGETED_DEVICE_FAMILY = "1,2";
				VALIDATE_PRODUCT = YES;
			};
			name = Release;
		};
		28E126F41DC9224B00453E61 /* Debug */ = {
			isa = XCBuildConfiguration;
			buildSettings = {
				ASSETCATALOG_COMPILER_APPICON_NAME = AppIcon;
				DEVELOPMENT_TEAM = KNA8S759M5;
				INFOPLIST_FILE = Libraries/Info.plist;
				LD_RUNPATH_SEARCH_PATHS = "$(inherited) @executable_path/Frameworks";
				PRODUCT_BUNDLE_IDENTIFIER = uldis.zingis.Libraries;
				PRODUCT_NAME = "$(TARGET_NAME)";
			};
			name = Debug;
		};
		28E126F51DC9224B00453E61 /* Release */ = {
			isa = XCBuildConfiguration;
			buildSettings = {
				ASSETCATALOG_COMPILER_APPICON_NAME = AppIcon;
				DEVELOPMENT_TEAM = KNA8S759M5;
				INFOPLIST_FILE = Libraries/Info.plist;
				LD_RUNPATH_SEARCH_PATHS = "$(inherited) @executable_path/Frameworks";
				PRODUCT_BUNDLE_IDENTIFIER = uldis.zingis.Libraries;
				PRODUCT_NAME = "$(TARGET_NAME)";
			};
			name = Release;
		};
/* End XCBuildConfiguration section */

/* Begin XCConfigurationList section */
		28E126D71DC9224B00453E61 /* Build configuration list for PBXProject "Libraries" */ = {
			isa = XCConfigurationList;
			buildConfigurations = (
				28E126F11DC9224B00453E61 /* Debug */,
				28E126F21DC9224B00453E61 /* Release */,
			);
			defaultConfigurationIsVisible = 0;
			defaultConfigurationName = Release;
		};
		28E126F31DC9224B00453E61 /* Build configuration list for PBXNativeTarget "Libraries" */ = {
			isa = XCConfigurationList;
			buildConfigurations = (
				28E126F41DC9224B00453E61 /* Debug */,
				28E126F51DC9224B00453E61 /* Release */,
			);
			defaultConfigurationIsVisible = 0;
		};
/* End XCConfigurationList section */
	};
	rootObject = 28E126D41DC9224B00453E61 /* Project object */;
}
